
Microsoft Visual Studio Solution File, Format Version 12.00
# Visual Studio Version 17
VisualStudioVersion = 17.8.34330.188
MinimumVisualStudioVersion = 10.0.40219.1
Project("{9A19103F-16F7-4668-BE54-9A1E7A4F7556}") = "Telegram.BotAPI", "Telegram.BotAPI\Telegram.BotAPI.csproj", "{E56001B3-CDD3-40F3-8CFA-4578EFF42337}"
EndProject
Project("{FAE04EC0-301F-11D3-BF4B-00C04F79EFBC}") = "Telegram.BotAPI.Tests", "Telegram.BotAPI.Tests\Telegram.BotAPI.Tests.csproj", "{B1F25D5D-B74F-4E1C-904B-76798C01727A}"
EndProject
Project("{FAE04EC0-301F-11D3-BF4B-00C04F79EFBC}") = "Telegram.BotAPI.Example.LongPolling", "Telegram.BotAPI.Examples\LongPolling\Telegram.BotAPI.Example.LongPolling.csproj", "{2A889F9C-119B-684B-BAA3-389B8AAD08B2}"
EndProject
Project("{FAE04EC0-301F-11D3-BF4B-00C04F79EFBC}") = "Telegram.BotAPI.Example.Webhook", "Telegram.BotAPI.Examples\Webhook\Telegram.BotAPI.Example.Webhook.csproj", "{8D143989-27E8-89A8-75A8-586B5D807AB4}"
EndProject
Global
	GlobalSection(SolutionConfigurationPlatforms) = preSolution
		Debug|Any CPU = Debug|Any CPU
		Debug|x64 = Debug|x64
		Debug|x86 = Debug|x86
		Release|Any CPU = Release|Any CPU
		Release|x64 = Release|x64
		Release|x86 = Release|x86
	EndGlobalSection
	GlobalSection(ProjectConfigurationPlatforms) = postSolution
		{E56001B3-CDD3-40F3-8CFA-4578EFF42337}.Debug|Any CPU.ActiveCfg = Debug|Any CPU
		{E56001B3-CDD3-40F3-8CFA-4578EFF42337}.Debug|Any CPU.Build.0 = Debug|Any CPU
		{E56001B3-CDD3-40F3-8CFA-4578EFF42337}.Debug|x64.ActiveCfg = Debug|Any CPU
		{E56001B3-CDD3-40F3-8CFA-4578EFF42337}.Debug|x64.Build.0 = Debug|Any CPU
		{E56001B3-CDD3-40F3-8CFA-4578EFF42337}.Debug|x86.ActiveCfg = Debug|Any CPU
		{E56001B3-CDD3-40F3-8CFA-4578EFF42337}.Debug|x86.Build.0 = Debug|Any CPU
		{E56001B3-CDD3-40F3-8CFA-4578EFF42337}.Release|Any CPU.ActiveCfg = Release|Any CPU
		{E56001B3-CDD3-40F3-8CFA-4578EFF42337}.Release|Any CPU.Build.0 = Release|Any CPU
		{E56001B3-CDD3-40F3-8CFA-4578EFF42337}.Release|x64.ActiveCfg = Release|Any CPU
		{E56001B3-CDD3-40F3-8CFA-4578EFF42337}.Release|x64.Build.0 = Release|Any CPU
		{E56001B3-CDD3-40F3-8CFA-4578EFF42337}.Release|x86.ActiveCfg = Release|Any CPU
		{E56001B3-CDD3-40F3-8CFA-4578EFF42337}.Release|x86.Build.0 = Release|Any CPU
		{B1F25D5D-B74F-4E1C-904B-76798C01727A}.Debug|Any CPU.ActiveCfg = Debug|Any CPU
		{B1F25D5D-B74F-4E1C-904B-76798C01727A}.Debug|Any CPU.Build.0 = Debug|Any CPU
		{B1F25D5D-B74F-4E1C-904B-76798C01727A}.Debug|x64.ActiveCfg = Debug|Any CPU
		{B1F25D5D-B74F-4E1C-904B-76798C01727A}.Debug|x64.Build.0 = Debug|Any CPU
		{B1F25D5D-B74F-4E1C-904B-76798C01727A}.Debug|x86.ActiveCfg = Debug|Any CPU
		{B1F25D5D-B74F-4E1C-904B-76798C01727A}.Debug|x86.Build.0 = Debug|Any CPU
		{B1F25D5D-B74F-4E1C-904B-76798C01727A}.Release|Any CPU.ActiveCfg = Release|Any CPU
		{B1F25D5D-B74F-4E1C-904B-76798C01727A}.Release|Any CPU.Build.0 = Release|Any CPU
		{B1F25D5D-B74F-4E1C-904B-76798C01727A}.Release|x64.ActiveCfg = Release|Any CPU
		{B1F25D5D-B74F-4E1C-904B-76798C01727A}.Release|x64.Build.0 = Release|Any CPU
		{B1F25D5D-B74F-4E1C-904B-76798C01727A}.Release|x86.ActiveCfg = Release|Any CPU
		{B1F25D5D-B74F-4E1C-904B-76798C01727A}.Release|x86.Build.0 = Release|Any CPU
		{2A889F9C-119B-684B-BAA3-389B8AAD08B2}.Debug|Any CPU.ActiveCfg = Debug|Any CPU
		{2A889F9C-119B-684B-BAA3-389B8AAD08B2}.Debug|Any CPU.Build.0 = Debug|Any CPU
		{2A889F9C-119B-684B-BAA3-389B8AAD08B2}.Debug|x64.ActiveCfg = Debug|Any CPU
		{2A889F9C-119B-684B-BAA3-389B8AAD08B2}.Debug|x64.Build.0 = Debug|Any CPU
		{2A889F9C-119B-684B-BAA3-389B8AAD08B2}.Debug|x86.ActiveCfg = Debug|Any CPU
		{2A889F9C-119B-684B-BAA3-389B8AAD08B2}.Debug|x86.Build.0 = Debug|Any CPU
		{2A889F9C-119B-684B-BAA3-389B8AAD08B2}.Release|Any CPU.ActiveCfg = Release|Any CPU
		{2A889F9C-119B-684B-BAA3-389B8AAD08B2}.Release|Any CPU.Build.0 = Release|Any CPU
		{2A889F9C-119B-684B-BAA3-389B8AAD08B2}.Release|x64.ActiveCfg = Release|Any CPU
		{2A889F9C-119B-684B-BAA3-389B8AAD08B2}.Release|x64.Build.0 = Release|Any CPU
		{2A889F9C-119B-684B-BAA3-389B8AAD08B2}.Release|x86.ActiveCfg = Release|Any CPU
		{2A889F9C-119B-684B-BAA3-389B8AAD08B2}.Release|x86.Build.0 = Release|Any CPU
		{8D143989-27E8-89A8-75A8-586B5D807AB4}.Debug|Any CPU.ActiveCfg = Debug|Any CPU
		{8D143989-27E8-89A8-75A8-586B5D807AB4}.Debug|Any CPU.Build.0 = Debug|Any CPU
		{8D143989-27E8-89A8-75A8-586B5D807AB4}.Debug|x64.ActiveCfg = Debug|Any CPU
		{8D143989-27E8-89A8-75A8-586B5D807AB4}.Debug|x64.Build.0 = Debug|Any CPU
		{8D143989-27E8-89A8-75A8-586B5D807AB4}.Debug|x86.ActiveCfg = Debug|Any CPU
		{8D143989-27E8-89A8-75A8-586B5D807AB4}.Debug|x86.Build.0 = Debug|Any CPU
		{8D143989-27E8-89A8-75A8-586B5D807AB4}.Release|Any CPU.ActiveCfg = Release|Any CPU
		{8D143989-27E8-89A8-75A8-586B5D807AB4}.Release|Any CPU.Build.0 = Release|Any CPU
		{8D143989-27E8-89A8-75A8-586B5D807AB4}.Release|x64.ActiveCfg = Release|Any CPU
		{8D143989-27E8-89A8-75A8-586B5D807AB4}.Release|x64.Build.0 = Release|Any CPU
		{8D143989-27E8-89A8-75A8-586B5D807AB4}.Release|x86.ActiveCfg = Release|Any CPU
		{8D143989-27E8-89A8-75A8-586B5D807AB4}.Release|x86.Build.0 = Release|Any CPU
	EndGlobalSection
	GlobalSection(SolutionProperties) = preSolution
		HideSolutionNode = FALSE
	EndGlobalSection
	GlobalSection(ExtensibilityGlobals) = postSolution
		SolutionGuid = {7E3149AC-640E-4C73-8C02-B0DD24F536A5}
	EndGlobalSection
EndGlobal
